// !$*UTF8*$!
{
	archiveVersion = 1;
	classes = {
	};
	objectVersion = 46;
	objects = {

/* Begin PBXBuildFile section */
		6951575A1A3659D200BA990C /* AppDelegate.swift in Sources */ = {isa = PBXBuildFile; fileRef = 695157591A3659D200BA990C /* AppDelegate.swift */; };
		6951575C1A3659D200BA990C /* ViewController.swift in Sources */ = {isa = PBXBuildFile; fileRef = 6951575B1A3659D200BA990C /* ViewController.swift */; };
		6951575F1A3659D200BA990C /* Main.storyboard in Resources */ = {isa = PBXBuildFile; fileRef = 6951575D1A3659D200BA990C /* Main.storyboard */; };
		695157611A3659D200BA990C /* Images.xcassets in Resources */ = {isa = PBXBuildFile; fileRef = 695157601A3659D200BA990C /* Images.xcassets */; };
		695157641A3659D200BA990C /* LaunchScreen.xib in Resources */ = {isa = PBXBuildFile; fileRef = 695157621A3659D200BA990C /* LaunchScreen.xib */; };
		695157701A3659D200BA990C /* Postcard1Tests.swift in Sources */ = {isa = PBXBuildFile; fileRef = 6951576F1A3659D200BA990C /* Postcard1Tests.swift */; };
/* End PBXBuildFile section */

/* Begin PBXContainerItemProxy section */
		6951576A1A3659D200BA990C /* PBXContainerItemProxy */ = {
			isa = PBXContainerItemProxy;
			containerPortal = 6951574C1A3659D200BA990C /* Project object */;
			proxyType = 1;
			remoteGlobalIDString = 695157531A3659D200BA990C;
			remoteInfo = Postcard1;
		};
/* End PBXContainerItemProxy section */

/* Begin PBXFileReference section */
		695157541A3659D200BA990C /* Postcard1.app */ = {isa = PBXFileReference; explicitFileType = wrapper.application; includeInIndex = 0; path = Postcard1.app; sourceTree = BUILT_PRODUCTS_DIR; };
		695157581A3659D200BA990C /* Info.plist */ = {isa = PBXFileReference; lastKnownFileType = text.plist.xml; path = Info.plist; sourceTree = "<group>"; };
		695157591A3659D200BA990C /* AppDelegate.swift */ = {isa = PBXFileReference; lastKnownFileType = sourcecode.swift; path = AppDelegate.swift; sourceTree = "<group>"; };
		6951575B1A3659D200BA990C /* ViewController.swift */ = {isa = PBXFileReference; lastKnownFileType = sourcecode.swift; path = ViewController.swift; sourceTree = "<group>"; };
		6951575E1A3659D200BA990C /* Base */ = {isa = PBXFileReference; lastKnownFileType = file.storyboard; name = Base; path = Base.lproj/Main.storyboard; sourceTree = "<group>"; };
		695157601A3659D200BA990C /* Images.xcassets */ = {isa = PBXFileReference; lastKnownFileType = folder.assetcatalog; path = Images.xcassets; sourceTree = "<group>"; };
		695157631A3659D200BA990C /* Base */ = {isa = PBXFileReference; lastKnownFileType = file.xib; name = Base; path = Base.lproj/LaunchScreen.xib; sourceTree = "<group>"; };
		695157691A3659D200BA990C /* Postcard1Tests.xctest */ = {isa = PBXFileReference; explicitFileType = wrapper.cfbundle; includeInIndex = 0; path = Postcard1Tests.xctest; sourceTree = BUILT_PRODUCTS_DIR; };
		6951576E1A3659D200BA990C /* Info.plist */ = {isa = PBXFileReference; lastKnownFileType = text.plist.xml; path = Info.plist; sourceTree = "<group>"; };
		6951576F1A3659D200BA990C /* Postcard1Tests.swift */ = {isa = PBXFileReference; lastKnownFileType = sourcecode.swift; path = Postcard1Tests.swift; sourceTree = "<group>"; };
/* End PBXFileReference section */

/* Begin PBXFrameworksBuildPhase section */
		695157511A3659D200BA990C /* Frameworks */ = {
			isa = PBXFrameworksBuildPhase;
			buildActionMask = 2147483647;
			files = (
			);
			runOnlyForDeploymentPostprocessing = 0;
		};
		695157661A3659D200BA990C /* Frameworks */ = {
			isa = PBXFrameworksBuildPhase;
			buildActionMask = 2147483647;
			files = (
			);
			runOnlyForDeploymentPostprocessing = 0;
		};
/* End PBXFrameworksBuildPhase section */

/* Begin PBXGroup section */
		6951574B1A3659D200BA990C = {
			isa = PBXGroup;
			children = (
				695157561A3659D200BA990C /* Postcard1 */,
				6951576C1A3659D200BA990C /* Postcard1Tests */,
				695157551A3659D200BA990C /* Products */,
			);
			sourceTree = "<group>";
		};
		695157551A3659D200BA990C /* Products */ = {
			isa = PBXGroup;
			children = (
				695157541A3659D200BA990C /* Postcard1.app */,
				695157691A3659D200BA990C /* Postcard1Tests.xctest */,
			);
			name = Products;
			sourceTree = "<group>";
		};
		695157561A3659D200BA990C /* Postcard1 */ = {
			isa = PBXGroup;
			children = (
				695157591A3659D200BA990C /* AppDelegate.swift */,
				6951575B1A3659D200BA990C /* ViewController.swift */,
				6951575D1A3659D200BA990C /* Main.storyboard */,
				695157601A3659D200BA990C /* Images.xcassets */,
				695157621A3659D200BA990C /* LaunchScreen.xib */,
				695157571A3659D200BA990C /* Supporting Files */,
			);
			path = Postcard1;
			sourceTree = "<group>";
		};
		695157571A3659D200BA990C /* Supporting Files */ = {
			isa = PBXGroup;
			children = (
				695157581A3659D200BA990C /* Info.plist */,
			);
			name = "Supporting Files";
			sourceTree = "<group>";
		};
		6951576C1A3659D200BA990C /* Postcard1Tests */ = {
			isa = PBXGroup;
			children = (
				6951576F1A3659D200BA990C /* Postcard1Tests.swift */,
				6951576D1A3659D200BA990C /* Supporting Files */,
			);
			path = Postcard1Tests;
			sourceTree = "<group>";
		};
		6951576D1A3659D200BA990C /* Supporting Files */ = {
			isa = PBXGroup;
			children = (
				6951576E1A3659D200BA990C /* Info.plist */,
			);
			name = "Supporting Files";
			sourceTree = "<group>";
		};
/* End PBXGroup section */

/* Begin PBXNativeTarget section */
		695157531A3659D200BA990C /* Postcard1 */ = {
			isa = PBXNativeTarget;
			buildConfigurationList = 695157731A3659D200BA990C /* Build configuration list for PBXNativeTarget "Postcard1" */;
			buildPhases = (
				695157501A3659D200BA990C /* Sources */,
				695157511A3659D200BA990C /* Frameworks */,
				695157521A3659D200BA990C /* Resources */,
			);
			buildRules = (
			);
			dependencies = (
			);
			name = Postcard1;
			productName = Postcard1;
			productReference = 695157541A3659D200BA990C /* Postcard1.app */;
			productType = "com.apple.product-type.application";
		};
		695157681A3659D200BA990C /* Postcard1Tests */ = {
			isa = PBXNativeTarget;
			buildConfigurationList = 695157761A3659D200BA990C /* Build configuration list for PBXNativeTarget "Postcard1Tests" */;
			buildPhases = (
				695157651A3659D200BA990C /* Sources */,
				695157661A3659D200BA990C /* Frameworks */,
				695157671A3659D200BA990C /* Resources */,
			);
			buildRules = (
			);
			dependencies = (
				6951576B1A3659D200BA990C /* PBXTargetDependency */,
			);
			name = Postcard1Tests;
			productName = Postcard1Tests;
			productReference = 695157691A3659D200BA990C /* Postcard1Tests.xctest */;
			productType = "com.apple.product-type.bundle.unit-test";
		};
/* End PBXNativeTarget section */

/* Begin PBXProject section */
		6951574C1A3659D200BA990C /* Project object */ = {
			isa = PBXProject;
			attributes = {
				LastUpgradeCheck = 0610;
				ORGANIZATIONNAME = AmberSeaStudio;
				TargetAttributes = {
					695157531A3659D200BA990C = {
						CreatedOnToolsVersion = 6.1.1;
					};
					695157681A3659D200BA990C = {
						CreatedOnToolsVersion = 6.1.1;
						TestTargetID = 695157531A3659D200BA990C;
					};
				};
			};
			buildConfigurationList = 6951574F1A3659D200BA990C /* Build configuration list for PBXProject "Postcard1" */;
			compatibilityVersion = "Xcode 3.2";
			developmentRegion = English;
			hasScannedForEncodings = 0;
			knownRegions = (
				en,
				Base,
			);
			mainGroup = 6951574B1A3659D200BA990C;
			productRefGroup = 695157551A3659D200BA990C /* Products */;
			projectDirPath = "";
			projectRoot = "";
			targets = (
				695157531A3659D200BA990C /* Postcard1 */,
				695157681A3659D200BA990C /* Postcard1Tests */,
			);
		};
/* End PBXProject section */

/* Begin PBXResourcesBuildPhase section */
		695157521A3659D200BA990C /* Resources */ = {
			isa = PBXResourcesBuildPhase;
			buildActionMask = 2147483647;
			files = (
				6951575F1A3659D200BA990C /* Main.storyboard in Resources */,
				695157641A3659D200BA990C /* LaunchScreen.xib in Resources */,
				695157611A3659D200BA990C /* Images.xcassets in Resources */,
			);
			runOnlyForDeploymentPostprocessing = 0;
		};
		695157671A3659D200BA990C /* Resources */ = {
			isa = PBXResourcesBuildPhase;
			buildActionMask = 2147483647;
			files = (
			);
			runOnlyForDeploymentPostprocessing = 0;
		};
/* End PBXResourcesBuildPhase section */

/* Begin PBXSourcesBuildPhase section */
		695157501A3659D200BA990C /* Sources */ = {
			isa = PBXSourcesBuildPhase;
			buildActionMask = 2147483647;
			files = (
				6951575C1A3659D200BA990C /* ViewController.swift in Sources */,
				6951575A1A3659D200BA990C /* AppDelegate.swift in Sources */,
			);
			runOnlyForDeploymentPostprocessing = 0;
		};
		695157651A3659D200BA990C /* Sources */ = {
			isa = PBXSourcesBuildPhase;
			buildActionMask = 2147483647;
			files = (
				695157701A3659D200BA990C /* Postcard1Tests.swift in Sources */,
			);
			runOnlyForDeploymentPostprocessing = 0;
		};
/* End PBXSourcesBuildPhase section */

/* Begin PBXTargetDependency section */
		6951576B1A3659D200BA990C /* PBXTargetDependency */ = {
			isa = PBXTargetDependency;
			target = 695157531A3659D200BA990C /* Postcard1 */;
			targetProxy = 6951576A1A3659D200BA990C /* PBXContainerItemProxy */;
		};
/* End PBXTargetDependency section */

/* Begin PBXVariantGroup section */
		6951575D1A3659D200BA990C /* Main.storyboard */ = {
			isa = PBXVariantGroup;
			children = (
				6951575E1A3659D200BA990C /* Base */,
			);
			name = Main.storyboard;
			sourceTree = "<group>";
		};
		695157621A3659D200BA990C /* LaunchScreen.xib */ = {
			isa = PBXVariantGroup;
			children = (
				695157631A3659D200BA990C /* Base */,
			);
			name = LaunchScreen.xib;
			sourceTree = "<group>";
		};
/* End PBXVariantGroup section */

/* Begin XCBuildConfiguration section */
		695157711A3659D200BA990C /* Debug */ = {
			isa = XCBuildConfiguration;
			buildSettings = {
				ALWAYS_SEARCH_USER_PATHS = NO;
				CLANG_CXX_LANGUAGE_STANDARD = "gnu++0x";
				CLANG_CXX_LIBRARY = "libc++";
				CLANG_ENABLE_MODULES = YES;
				CLANG_ENABLE_OBJC_ARC = YES;
				CLANG_WARN_BOOL_CONVERSION = YES;
				CLANG_WARN_CONSTANT_CONVERSION = YES;
				CLANG_WARN_DIRECT_OBJC_ISA_USAGE = YES_ERROR;
				CLANG_WARN_EMPTY_BODY = YES;
				CLANG_WARN_ENUM_CONVERSION = YES;
				CLANG_WARN_INT_CONVERSION = YES;
				CLANG_WARN_OBJC_ROOT_CLASS = YES_ERROR;
				CLANG_WARN_UNREACHABLE_CODE = YES;
				CLANG_WARN__DUPLICATE_METHOD_MATCH = YES;
				"CODE_SIGN_IDENTITY[sdk=iphoneos*]" = "iPhone Developer";
				COPY_PHASE_STRIP = NO;
				ENABLE_STRICT_OBJC_MSGSEND = YES;
				GCC_C_LANGUAGE_STANDARD = gnu99;
				GCC_DYNAMIC_NO_PIC = NO;
				GCC_OPTIMIZATION_LEVEL = 0;
				GCC_PREPROCESSOR_DEFINITIONS = (
					"DEBUG=1",
					"$(inherited)",
				);
				GCC_SYMBOLS_PRIVATE_EXTERN = NO;
				GCC_WARN_64_TO_32_BIT_CONVERSION = YES;
				GCC_WARN_ABOUT_RETURN_TYPE = YES_ERROR;
				GCC_WARN_UNDECLARED_SELECTOR = YES;
				GCC_WARN_UNINITIALIZED_AUTOS = YES_AGGRESSIVE;
				GCC_WARN_UNUSED_FUNCTION = YES;
				GCC_WARN_UNUSED_VARIABLE = YES;
				IPHONEOS_DEPLOYMENT_TARGET = 8.1;
				MTL_ENABLE_DEBUG_INFO = YES;
				ONLY_ACTIVE_ARCH = YES;
				SDKROOT = iphoneos;
				SWIFT_OPTIMIZATION_LEVEL = "-Onone";
				TARGETED_DEVICE_FAMILY = "1,2";
			};
			name = Debug;
		};
		695157721A3659D200BA990C /* Release */ = {
			isa = XCBuildConfiguration;
			buildSettings = {
				ALWAYS_SEARCH_USER_PATHS = NO;
				CLANG_CXX_LANGUAGE_STANDARD = "gnu++0x";
				CLANG_CXX_LIBRARY = "libc++";
				CLANG_ENABLE_MODULES = YES;
				CLANG_ENABLE_OBJC_ARC = YES;
				CLANG_WARN_BOOL_CONVERSION = YES;
				CLANG_WARN_CONSTANT_CONVERSION = YES;
				CLANG_WARN_DIRECT_OBJC_ISA_USAGE = YES_ERROR;
				CLANG_WARN_EMPTY_BODY = YES;
				CLANG_WARN_ENUM_CONVERSION = YES;
				CLANG_WARN_INT_CONVERSION = YES;
				CLANG_WARN_OBJC_ROOT_CLASS = YES_ERROR;
				CLANG_WARN_UNREACHABLE_CODE = YES;
				CLANG_WARN__DUPLICATE_METHOD_MATCH = YES;
				"CODE_SIGN_IDENTITY[sdk=iphoneos*]" = "iPhone Developer";
				COPY_PHASE_STRIP = YES;
				ENABLE_NS_ASSERTIONS = NO;
				ENABLE_STRICT_OBJC_MSGSEND = YES;
				GCC_C_LANGUAGE_STANDARD = gnu99;
				GCC_WARN_64_TO_32_BIT_CONVERSION = YES;
				GCC_WARN_ABOUT_RETURN_TYPE = YES_ERROR;
				GCC_WARN_UNDECLARED_SELECTOR = YES;
				GCC_WARN_UNINITIALIZED_AUTOS = YES_AGGRESSIVE;
				GCC_WARN_UNUSED_FUNCTION = YES;
				GCC_WARN_UNUSED_VARIABLE = YES;
				IPHONEOS_DEPLOYMENT_TARGET = 8.1;
				MTL_ENABLE_DEBUG_INFO = NO;
				SDKROOT = iphoneos;
				TARGETED_DEVICE_FAMILY = "1,2";
				VALIDATE_PRODUCT = YES;
			};
			name = Release;
		};
		695157741A3659D200BA990C /* Debug */ = {
			isa = XCBuildConfiguration;
			buildSettings = {
				ASSETCATALOG_COMPILER_APPICON_NAME = AppIcon;
				INFOPLIST_FILE = Postcard1/Info.plist;
				LD_RUNPATH_SEARCH_PATHS = "$(inherited) @executable_path/Frameworks";
				PRODUCT_NAME = "$(TARGET_NAME)";
			};
			name = Debug;
		};
		695157751A3659D200BA990C /* Release */ = {
			isa = XCBuildConfiguration;
			buildSettings = {
				ASSETCATALOG_COMPILER_APPICON_NAME = AppIcon;
				INFOPLIST_FILE = Postcard1/Info.plist;
				LD_RUNPATH_SEARCH_PATHS = "$(inherited) @executable_path/Frameworks";
				PRODUCT_NAME = "$(TARGET_NAME)";
			};
			name = Release;
		};
		695157771A3659D200BA990C /* Debug */ = {
			isa = XCBuildConfiguration;
			buildSettings = {
				BUNDLE_LOADER = "$(TEST_HOST)";
				FRAMEWORK_SEARCH_PATHS = (
					"$(SDKROOT)/Developer/Library/Frameworks",
					"$(inherited)",
				);
				GCC_PREPROCESSOR_DEFINITIONS = (
					"DEBUG=1",
					"$(inherited)",
				);
				INFOPLIST_FILE = Postcard1Tests/Info.plist;
				LD_RUNPATH_SEARCH_PATHS = "$(inherited) @executable_path/Frameworks @loader_path/Frameworks";
				PRODUCT_NAME = "$(TARGET_NAME)";
				TEST_HOST = "$(BUILT_PRODUCTS_DIR)/Postcard1.app/Postcard1";
			};
			name = Debug;
		};
		695157781A3659D200BA990C /* Release */ = {
			isa = XCBuildConfiguration;
			buildSettings = {
				BUNDLE_LOADER = "$(TEST_HOST)";
				FRAMEWORK_SEARCH_PATHS = (
					"$(SDKROOT)/Developer/Library/Frameworks",
					"$(inherited)",
				);
				INFOPLIST_FILE = Postcard1Tests/Info.plist;
				LD_RUNPATH_SEARCH_PATHS = "$(inherited) @executable_path/Frameworks @loader_path/Frameworks";
				PRODUCT_NAME = "$(TARGET_NAME)";
				TEST_HOST = "$(BUILT_PRODUCTS_DIR)/Postcard1.app/Postcard1";
			};
			name = Release;
		};
/* End XCBuildConfiguration section */

/* Begin XCConfigurationList section */
		6951574F1A3659D200BA990C /* Build configuration list for PBXProject "Postcard1" */ = {
			isa = XCConfigurationList;
			buildConfigurations = (
				695157711A3659D200BA990C /* Debug */,
				695157721A3659D200BA990C /* Release */,
			);
			defaultConfigurationIsVisible = 0;
			defaultConfigurationName = Release;
		};
		695157731A3659D200BA990C /* Build configuration list for PBXNativeTarget "Postcard1" */ = {
			isa = XCConfigurationList;
			buildConfigurations = (
				695157741A3659D200BA990C /* Debug */,
				695157751A3659D200BA990C /* Release */,
			);
			defaultConfigurationIsVisible = 0;
		};
		695157761A3659D200BA990C /* Build configuration list for PBXNativeTarget "Postcard1Tests" */ = {
			isa = XCConfigurationList;
			buildConfigurations = (
				695157771A3659D200BA990C /* Debug */,
				695157781A3659D200BA990C /* Release */,
			);
			defaultConfigurationIsVisible = 0;
		};
/* End XCConfigurationList section */
	};
	rootObject = 6951574C1A3659D200BA990C /* Project object */;
}
